# This file is autogenerated, do not edit; changes may be undone by the next 'dep ensure'.


[[projects]]
  branch = "master"
  digest = "1:1dfdb9db4498d86614fae3f80a8403ec3904f185b0aa4017f9daef4592b4ac0b"
  name = "github.com/akamensky/argparse"
  packages = ["."]
  pruneopts = "UT"
  revision = "1427fe674291a5bc6e207d6bf968cb189205dc75"

[solve-meta]
  analyzer-name = "dep"
  analyzer-version = 1
  input-imports = ["github.com/akamensky/argparse"]
  solver-name = "gps-cdcl"
  solver-version = 1
